
Microsoft Visual Studio Solution File, Format Version 12.00
# Visual Studio Version 17
VisualStudioVersion = 17.8.34408.163
MinimumVisualStudioVersion = 10.0.40219.1
Project("{9A19103F-16F7-4668-BE54-9A1E7A4F7556}") = "SqlScriptRewriter", "SqlScriptRewriter\SqlScriptRewriter.csproj", "{6808201D-459D-4F70-9DE7-14F64E30466F}"
EndProject
Project("{9A19103F-16F7-4668-BE54-9A1E7A4F7556}") = "SqlScriptRewriter.Tests", "SqlScriptRewriter.Tests\SqlScriptRewriter.Tests.csproj", "{924EAB80-652E-4397-A6AE-BA8E9F244A8E}"
EndProject
Global
	GlobalSection(SolutionConfigurationPlatforms) = preSolution
		Debug|Any CPU = Debug|Any CPU
		Release|Any CPU = Release|Any CPU
	EndGlobalSection
	GlobalSection(ProjectConfigurationPlatforms) = postSolution
		{6808201D-459D-4F70-9DE7-14F64E30466F}.Debug|Any CPU.ActiveCfg = Debug|Any CPU
		{6808201D-459D-4F70-9DE7-14F64E30466F}.Debug|Any CPU.Build.0 = Debug|Any CPU
		{6808201D-459D-4F70-9DE7-14F64E30466F}.Release|Any CPU.ActiveCfg = Release|Any CPU
		{6808201D-459D-4F70-9DE7-14F64E30466F}.Release|Any CPU.Build.0 = Release|Any CPU
		{924EAB80-652E-4397-A6AE-BA8E9F244A8E}.Debug|Any CPU.ActiveCfg = Debug|Any CPU
		{924EAB80-652E-4397-A6AE-BA8E9F244A8E}.Debug|Any CPU.Build.0 = Debug|Any CPU
		{924EAB80-652E-4397-A6AE-BA8E9F244A8E}.Release|Any CPU.ActiveCfg = Release|Any CPU
		{924EAB80-652E-4397-A6AE-BA8E9F244A8E}.Release|Any CPU.Build.0 = Release|Any CPU
	EndGlobalSection
	GlobalSection(SolutionProperties) = preSolution
		HideSolutionNode = FALSE
	EndGlobalSection
	GlobalSection(ExtensibilityGlobals) = postSolution
		SolutionGuid = {9F0FD902-3257-4A5B-9806-6810DFC8F8EE}
	EndGlobalSection
EndGlobal
